github.com/dolthub/maphash v0.1.0 h1:bsQ7JsF4FkkWyrP3oCnFJgrCUAFbFf3kOl4L/QxPDyQ=
github.com/dolthub/maphash v0.1.0/go.mod h1:gkg4Ch4CdCDu5h6PMriVLawB7koZ+5ijb9puGMV50a4=
github.com/dolthub/swiss v0.2.1 h1:gs2osYs5SJkAaH5/ggVJqXQxRXtWshF6uE0lgR/Y3Gw=
github.com/dolthub/swiss v0.2.1/go.mod h1:8AhKZZ1HK7g18j7v7k6c5cYIGEZJcPn0ARsai8cUrh0=
github.com/edwingeng/deque v1.0.3 h1:gx+5OnQK8qMcYNUxcD/M76BT/LujVNVAZEP/MGF8WNw=
github.com/edwingeng/deque v1.0.3/go.mod h1:3Ys1pJhyVaB6iWigv4o2r6Ug1GZmfDWqvqmO6bjojg0=
github.com/edwingeng/deque/v2 v2.1.1 h1:+xjC3TnaeMPLZMi7QQf9jN2K00MZmTwruApqplbL9IY=
github.com/edwingeng/deque/v2 v2.1.1/go.mod h1:HukI8CQe9KDmZCcURPZRYVYjH79Zy2tIjTF9sN3Bgb0=
gonum.org/v1/gonum v0.14.0 h1:2NiG67LD1tEH0D7kM+ps2V+fXmsAnpUeec7n8tcr4S0=
gonum.org/v1/gonum v0.14.0/go.mod h1:AoWeoz0becf9QMWtE8iWXNXc27fK4fNeHNf/oMejGfU=
